
Microsoft Visual Studio Solution File, Format Version 12.00
# Visual Studio Version 16
VisualStudioVersion = 16.0.30225.117
MinimumVisualStudioVersion = 10.0.40219.1
Project("{FAE04EC0-301F-11D3-BF4B-00C04F79EFBC}") = "EmployeeApplicationView", "EmployeeApplicationView\EmployeeApplicationView.csproj", "{16BEFB03-1B15-45D1-8EC2-1A0E55825E7C}"
EndProject
Project("{FAE04EC0-301F-11D3-BF4B-00C04F79EFBC}") = "VetclinicStorage", "VetclinicStorage\VetclinicStorage.csproj", "{D4369DE3-9AEA-4085-92F1-B7F650D4457C}"
EndProject
Project("{FAE04EC0-301F-11D3-BF4B-00C04F79EFBC}") = "EmployeeApplicationBusinessLogic", "EmployeeApplicationBusinessLogic\EmployeeApplicationBusinessLogic.csproj", "{C65B13C2-150F-4738-BBB5-3F0A96935954}"
EndProject
Global
	GlobalSection(SolutionConfigurationPlatforms) = preSolution
		Debug|Any CPU = Debug|Any CPU
		Release|Any CPU = Release|Any CPU
	EndGlobalSection
	GlobalSection(ProjectConfigurationPlatforms) = postSolution
		{16BEFB03-1B15-45D1-8EC2-1A0E55825E7C}.Debug|Any CPU.ActiveCfg = Debug|Any CPU
		{16BEFB03-1B15-45D1-8EC2-1A0E55825E7C}.Debug|Any CPU.Build.0 = Debug|Any CPU
		{16BEFB03-1B15-45D1-8EC2-1A0E55825E7C}.Release|Any CPU.ActiveCfg = Release|Any CPU
		{16BEFB03-1B15-45D1-8EC2-1A0E55825E7C}.Release|Any CPU.Build.0 = Release|Any CPU
		{D4369DE3-9AEA-4085-92F1-B7F650D4457C}.Debug|Any CPU.ActiveCfg = Debug|Any CPU
		{D4369DE3-9AEA-4085-92F1-B7F650D4457C}.Debug|Any CPU.Build.0 = Debug|Any CPU
		{D4369DE3-9AEA-4085-92F1-B7F650D4457C}.Release|Any CPU.ActiveCfg = Release|Any CPU
		{D4369DE3-9AEA-4085-92F1-B7F650D4457C}.Release|Any CPU.Build.0 = Release|Any CPU
		{C65B13C2-150F-4738-BBB5-3F0A96935954}.Debug|Any CPU.ActiveCfg = Debug|Any CPU
		{C65B13C2-150F-4738-BBB5-3F0A96935954}.Debug|Any CPU.Build.0 = Debug|Any CPU
		{C65B13C2-150F-4738-BBB5-3F0A96935954}.Release|Any CPU.ActiveCfg = Release|Any CPU
		{C65B13C2-150F-4738-BBB5-3F0A96935954}.Release|Any CPU.Build.0 = Release|Any CPU
	EndGlobalSection
	GlobalSection(SolutionProperties) = preSolution
		HideSolutionNode = FALSE
	EndGlobalSection
	GlobalSection(ExtensibilityGlobals) = postSolution
		SolutionGuid = {DD75E685-3B17-41D2-AF3F-CBF075A0553A}
	EndGlobalSection
EndGlobal
