
Microsoft Visual Studio Solution File, Format Version 12.00
# Visual Studio Version 16
VisualStudioVersion = 16.0.30225.117
MinimumVisualStudioVersion = 10.0.40219.1
Project("{FAE04EC0-301F-11D3-BF4B-00C04F79EFBC}") = "WpfApp2", "WpfApp2\WpfApp2.csproj", "{5275409E-F659-444B-A694-7DA154198D5A}"
EndProject
Global
	GlobalSection(SolutionConfigurationPlatforms) = preSolution
		Debug|Any CPU = Debug|Any CPU
		Release|Any CPU = Release|Any CPU
	EndGlobalSection
	GlobalSection(ProjectConfigurationPlatforms) = postSolution
		{5275409E-F659-444B-A694-7DA154198D5A}.Debug|Any CPU.ActiveCfg = Debug|Any CPU
		{5275409E-F659-444B-A694-7DA154198D5A}.Debug|Any CPU.Build.0 = Debug|Any CPU
		{5275409E-F659-444B-A694-7DA154198D5A}.Release|Any CPU.ActiveCfg = Release|Any CPU
		{5275409E-F659-444B-A694-7DA154198D5A}.Release|Any CPU.Build.0 = Release|Any CPU
	EndGlobalSection
	GlobalSection(SolutionProperties) = preSolution
		HideSolutionNode = FALSE
	EndGlobalSection
	GlobalSection(ExtensibilityGlobals) = postSolution
		SolutionGuid = {0F730D35-6AE7-4343-B8D3-599E24721AAE}
	EndGlobalSection
EndGlobal
